// !$*UTF8*$!
{
	archiveVersion = 1;
	classes = {
	};
	objectVersion = 46;
	objects = {

/* Begin PBXBuildFile section */
		C5D550F21A4BD90A000B2558 /* main.m in Sources */ = {isa = PBXBuildFile; fileRef = C5D550F11A4BD90A000B2558 /* main.m */; };
		C5D550F51A4BD90A000B2558 /* AppDelegate.m in Sources */ = {isa = PBXBuildFile; fileRef = C5D550F41A4BD90A000B2558 /* AppDelegate.m */; };
		C5D550F81A4BD90A000B2558 /* ViewController.m in Sources */ = {isa = PBXBuildFile; fileRef = C5D550F71A4BD90A000B2558 /* ViewController.m */; };
		C5D550FB1A4BD90A000B2558 /* Main.storyboard in Resources */ = {isa = PBXBuildFile; fileRef = C5D550F91A4BD90A000B2558 /* Main.storyboard */; };
		C5D550FD1A4BD90A000B2558 /* Images.xcassets in Resources */ = {isa = PBXBuildFile; fileRef = C5D550FC1A4BD90A000B2558 /* Images.xcassets */; };
		C5D551001A4BD90A000B2558 /* LaunchScreen.xib in Resources */ = {isa = PBXBuildFile; fileRef = C5D550FE1A4BD90A000B2558 /* LaunchScreen.xib */; };
		C5D5510C1A4BD90A000B2558 /* DropAndDragTests.m in Sources */ = {isa = PBXBuildFile; fileRef = C5D5510B1A4BD90A000B2558 /* DropAndDragTests.m */; };
/* End PBXBuildFile section */

/* Begin PBXContainerItemProxy section */
		C5D551061A4BD90A000B2558 /* PBXContainerItemProxy */ = {
			isa = PBXContainerItemProxy;
			containerPortal = C5D550E41A4BD90A000B2558 /* Project object */;
			proxyType = 1;
			remoteGlobalIDString = C5D550EB1A4BD90A000B2558;
			remoteInfo = DropAndDrag;
		};
/* End PBXContainerItemProxy section */

/* Begin PBXFileReference section */
		C5D550EC1A4BD90A000B2558 /* DropAndDrag.app */ = {isa = PBXFileReference; explicitFileType = wrapper.application; includeInIndex = 0; path = DropAndDrag.app; sourceTree = BUILT_PRODUCTS_DIR; };
		C5D550F01A4BD90A000B2558 /* Info.plist */ = {isa = PBXFileReference; lastKnownFileType = text.plist.xml; path = Info.plist; sourceTree = "<group>"; };
		C5D550F11A4BD90A000B2558 /* main.m */ = {isa = PBXFileReference; lastKnownFileType = sourcecode.c.objc; path = main.m; sourceTree = "<group>"; };
		C5D550F31A4BD90A000B2558 /* AppDelegate.h */ = {isa = PBXFileReference; lastKnownFileType = sourcecode.c.h; path = AppDelegate.h; sourceTree = "<group>"; };
		C5D550F41A4BD90A000B2558 /* AppDelegate.m */ = {isa = PBXFileReference; lastKnownFileType = sourcecode.c.objc; path = AppDelegate.m; sourceTree = "<group>"; };
		C5D550F61A4BD90A000B2558 /* ViewController.h */ = {isa = PBXFileReference; lastKnownFileType = sourcecode.c.h; path = ViewController.h; sourceTree = "<group>"; };
		C5D550F71A4BD90A000B2558 /* ViewController.m */ = {isa = PBXFileReference; lastKnownFileType = sourcecode.c.objc; path = ViewController.m; sourceTree = "<group>"; };
		C5D550FA1A4BD90A000B2558 /* Base */ = {isa = PBXFileReference; lastKnownFileType = file.storyboard; name = Base; path = Base.lproj/Main.storyboard; sourceTree = "<group>"; };
		C5D550FC1A4BD90A000B2558 /* Images.xcassets */ = {isa = PBXFileReference; lastKnownFileType = folder.assetcatalog; path = Images.xcassets; sourceTree = "<group>"; };
		C5D550FF1A4BD90A000B2558 /* Base */ = {isa = PBXFileReference; lastKnownFileType = file.xib; name = Base; path = Base.lproj/LaunchScreen.xib; sourceTree = "<group>"; };
		C5D551051A4BD90A000B2558 /* DropAndDragTests.xctest */ = {isa = PBXFileReference; explicitFileType = wrapper.cfbundle; includeInIndex = 0; path = DropAndDragTests.xctest; sourceTree = BUILT_PRODUCTS_DIR; };
		C5D5510A1A4BD90A000B2558 /* Info.plist */ = {isa = PBXFileReference; lastKnownFileType = text.plist.xml; path = Info.plist; sourceTree = "<group>"; };
		C5D5510B1A4BD90A000B2558 /* DropAndDragTests.m */ = {isa = PBXFileReference; lastKnownFileType = sourcecode.c.objc; path = DropAndDragTests.m; sourceTree = "<group>"; };
/* End PBXFileReference section */

/* Begin PBXFrameworksBuildPhase section */
		C5D550E91A4BD90A000B2558 /* Frameworks */ = {
			isa = PBXFrameworksBuildPhase;
			buildActionMask = 2147483647;
			files = (
			);
			runOnlyForDeploymentPostprocessing = 0;
		};
		C5D551021A4BD90A000B2558 /* Frameworks */ = {
			isa = PBXFrameworksBuildPhase;
			buildActionMask = 2147483647;
			files = (
			);
			runOnlyForDeploymentPostprocessing = 0;
		};
/* End PBXFrameworksBuildPhase section */

/* Begin PBXGroup section */
		C5D550E31A4BD90A000B2558 = {
			isa = PBXGroup;
			children = (
				C5D550EE1A4BD90A000B2558 /* DropAndDrag */,
				C5D551081A4BD90A000B2558 /* DropAndDragTests */,
				C5D550ED1A4BD90A000B2558 /* Products */,
			);
			sourceTree = "<group>";
		};
		C5D550ED1A4BD90A000B2558 /* Products */ = {
			isa = PBXGroup;
			children = (
				C5D550EC1A4BD90A000B2558 /* DropAndDrag.app */,
				C5D551051A4BD90A000B2558 /* DropAndDragTests.xctest */,
			);
			name = Products;
			sourceTree = "<group>";
		};
		C5D550EE1A4BD90A000B2558 /* DropAndDrag */ = {
			isa = PBXGroup;
			children = (
				C5D550F31A4BD90A000B2558 /* AppDelegate.h */,
				C5D550F41A4BD90A000B2558 /* AppDelegate.m */,
				C5D550F61A4BD90A000B2558 /* ViewController.h */,
				C5D550F71A4BD90A000B2558 /* ViewController.m */,
				C5D550F91A4BD90A000B2558 /* Main.storyboard */,
				C5D550FC1A4BD90A000B2558 /* Images.xcassets */,
				C5D550FE1A4BD90A000B2558 /* LaunchScreen.xib */,
				C5D550EF1A4BD90A000B2558 /* Supporting Files */,
			);
			path = DropAndDrag;
			sourceTree = "<group>";
		};
		C5D550EF1A4BD90A000B2558 /* Supporting Files */ = {
			isa = PBXGroup;
			children = (
				C5D550F01A4BD90A000B2558 /* Info.plist */,
				C5D550F11A4BD90A000B2558 /* main.m */,
			);
			name = "Supporting Files";
			sourceTree = "<group>";
		};
		C5D551081A4BD90A000B2558 /* DropAndDragTests */ = {
			isa = PBXGroup;
			children = (
				C5D5510B1A4BD90A000B2558 /* DropAndDragTests.m */,
				C5D551091A4BD90A000B2558 /* Supporting Files */,
			);
			path = DropAndDragTests;
			sourceTree = "<group>";
		};
		C5D551091A4BD90A000B2558 /* Supporting Files */ = {
			isa = PBXGroup;
			children = (
				C5D5510A1A4BD90A000B2558 /* Info.plist */,
			);
			name = "Supporting Files";
			sourceTree = "<group>";
		};
/* End PBXGroup section */

/* Begin PBXNativeTarget section */
		C5D550EB1A4BD90A000B2558 /* DropAndDrag */ = {
			isa = PBXNativeTarget;
			buildConfigurationList = C5D5510F1A4BD90A000B2558 /* Build configuration list for PBXNativeTarget "DropAndDrag" */;
			buildPhases = (
				C5D550E81A4BD90A000B2558 /* Sources */,
				C5D550E91A4BD90A000B2558 /* Frameworks */,
				C5D550EA1A4BD90A000B2558 /* Resources */,
			);
			buildRules = (
			);
			dependencies = (
			);
			name = DropAndDrag;
			productName = DropAndDrag;
			productReference = C5D550EC1A4BD90A000B2558 /* DropAndDrag.app */;
			productType = "com.apple.product-type.application";
		};
		C5D551041A4BD90A000B2558 /* DropAndDragTests */ = {
			isa = PBXNativeTarget;
			buildConfigurationList = C5D551121A4BD90A000B2558 /* Build configuration list for PBXNativeTarget "DropAndDragTests" */;
			buildPhases = (
				C5D551011A4BD90A000B2558 /* Sources */,
				C5D551021A4BD90A000B2558 /* Frameworks */,
				C5D551031A4BD90A000B2558 /* Resources */,
			);
			buildRules = (
			);
			dependencies = (
				C5D551071A4BD90A000B2558 /* PBXTargetDependency */,
			);
			name = DropAndDragTests;
			productName = DropAndDragTests;
			productReference = C5D551051A4BD90A000B2558 /* DropAndDragTests.xctest */;
			productType = "com.apple.product-type.bundle.unit-test";
		};
/* End PBXNativeTarget section */

/* Begin PBXProject section */
		C5D550E41A4BD90A000B2558 /* Project object */ = {
			isa = PBXProject;
			attributes = {
				LastUpgradeCheck = 0610;
				ORGANIZATIONNAME = "Earl Hsieh";
				TargetAttributes = {
					C5D550EB1A4BD90A000B2558 = {
						CreatedOnToolsVersion = 6.1.1;
					};
					C5D551041A4BD90A000B2558 = {
						CreatedOnToolsVersion = 6.1.1;
						TestTargetID = C5D550EB1A4BD90A000B2558;
					};
				};
			};
			buildConfigurationList = C5D550E71A4BD90A000B2558 /* Build configuration list for PBXProject "DropAndDrag" */;
			compatibilityVersion = "Xcode 3.2";
			developmentRegion = English;
			hasScannedForEncodings = 0;
			knownRegions = (
				en,
				Base,
			);
			mainGroup = C5D550E31A4BD90A000B2558;
			productRefGroup = C5D550ED1A4BD90A000B2558 /* Products */;
			projectDirPath = "";
			projectRoot = "";
			targets = (
				C5D550EB1A4BD90A000B2558 /* DropAndDrag */,
				C5D551041A4BD90A000B2558 /* DropAndDragTests */,
			);
		};
/* End PBXProject section */

/* Begin PBXResourcesBuildPhase section */
		C5D550EA1A4BD90A000B2558 /* Resources */ = {
			isa = PBXResourcesBuildPhase;
			buildActionMask = 2147483647;
			files = (
				C5D550FB1A4BD90A000B2558 /* Main.storyboard in Resources */,
				C5D551001A4BD90A000B2558 /* LaunchScreen.xib in Resources */,
				C5D550FD1A4BD90A000B2558 /* Images.xcassets in Resources */,
			);
			runOnlyForDeploymentPostprocessing = 0;
		};
		C5D551031A4BD90A000B2558 /* Resources */ = {
			isa = PBXResourcesBuildPhase;
			buildActionMask = 2147483647;
			files = (
			);
			runOnlyForDeploymentPostprocessing = 0;
		};
/* End PBXResourcesBuildPhase section */

/* Begin PBXSourcesBuildPhase section */
		C5D550E81A4BD90A000B2558 /* Sources */ = {
			isa = PBXSourcesBuildPhase;
			buildActionMask = 2147483647;
			files = (
				C5D550F81A4BD90A000B2558 /* ViewController.m in Sources */,
				C5D550F51A4BD90A000B2558 /* AppDelegate.m in Sources */,
				C5D550F21A4BD90A000B2558 /* main.m in Sources */,
			);
			runOnlyForDeploymentPostprocessing = 0;
		};
		C5D551011A4BD90A000B2558 /* Sources */ = {
			isa = PBXSourcesBuildPhase;
			buildActionMask = 2147483647;
			files = (
				C5D5510C1A4BD90A000B2558 /* DropAndDragTests.m in Sources */,
			);
			runOnlyForDeploymentPostprocessing = 0;
		};
/* End PBXSourcesBuildPhase section */

/* Begin PBXTargetDependency section */
		C5D551071A4BD90A000B2558 /* PBXTargetDependency */ = {
			isa = PBXTargetDependency;
			target = C5D550EB1A4BD90A000B2558 /* DropAndDrag */;
			targetProxy = C5D551061A4BD90A000B2558 /* PBXContainerItemProxy */;
		};
/* End PBXTargetDependency section */

/* Begin PBXVariantGroup section */
		C5D550F91A4BD90A000B2558 /* Main.storyboard */ = {
			isa = PBXVariantGroup;
			children = (
				C5D550FA1A4BD90A000B2558 /* Base */,
			);
			name = Main.storyboard;
			sourceTree = "<group>";
		};
		C5D550FE1A4BD90A000B2558 /* LaunchScreen.xib */ = {
			isa = PBXVariantGroup;
			children = (
				C5D550FF1A4BD90A000B2558 /* Base */,
			);
			name = LaunchScreen.xib;
			sourceTree = "<group>";
		};
/* End PBXVariantGroup section */

/* Begin XCBuildConfiguration section */
		C5D5510D1A4BD90A000B2558 /* Debug */ = {
			isa = XCBuildConfiguration;
			buildSettings = {
				ALWAYS_SEARCH_USER_PATHS = NO;
				CLANG_CXX_LANGUAGE_STANDARD = "gnu++0x";
				CLANG_CXX_LIBRARY = "libc++";
				CLANG_ENABLE_MODULES = YES;
				CLANG_ENABLE_OBJC_ARC = YES;
				CLANG_WARN_BOOL_CONVERSION = YES;
				CLANG_WARN_CONSTANT_CONVERSION = YES;
				CLANG_WARN_DIRECT_OBJC_ISA_USAGE = YES_ERROR;
				CLANG_WARN_EMPTY_BODY = YES;
				CLANG_WARN_ENUM_CONVERSION = YES;
				CLANG_WARN_INT_CONVERSION = YES;
				CLANG_WARN_OBJC_ROOT_CLASS = YES_ERROR;
				CLANG_WARN_UNREACHABLE_CODE = YES;
				CLANG_WARN__DUPLICATE_METHOD_MATCH = YES;
				"CODE_SIGN_IDENTITY[sdk=iphoneos*]" = "iPhone Developer";
				COPY_PHASE_STRIP = NO;
				ENABLE_STRICT_OBJC_MSGSEND = YES;
				GCC_C_LANGUAGE_STANDARD = gnu99;
				GCC_DYNAMIC_NO_PIC = NO;
				GCC_OPTIMIZATION_LEVEL = 0;
				GCC_PREPROCESSOR_DEFINITIONS = (
					"DEBUG=1",
					"$(inherited)",
				);
				GCC_SYMBOLS_PRIVATE_EXTERN = NO;
				GCC_WARN_64_TO_32_BIT_CONVERSION = YES;
				GCC_WARN_ABOUT_RETURN_TYPE = YES_ERROR;
				GCC_WARN_UNDECLARED_SELECTOR = YES;
				GCC_WARN_UNINITIALIZED_AUTOS = YES_AGGRESSIVE;
				GCC_WARN_UNUSED_FUNCTION = YES;
				GCC_WARN_UNUSED_VARIABLE = YES;
				IPHONEOS_DEPLOYMENT_TARGET = 8.1;
				MTL_ENABLE_DEBUG_INFO = YES;
				ONLY_ACTIVE_ARCH = YES;
				SDKROOT = iphoneos;
				TARGETED_DEVICE_FAMILY = "1,2";
			};
			name = Debug;
		};
		C5D5510E1A4BD90A000B2558 /* Release */ = {
			isa = XCBuildConfiguration;
			buildSettings = {
				ALWAYS_SEARCH_USER_PATHS = NO;
				CLANG_CXX_LANGUAGE_STANDARD = "gnu++0x";
				CLANG_CXX_LIBRARY = "libc++";
				CLANG_ENABLE_MODULES = YES;
				CLANG_ENABLE_OBJC_ARC = YES;
				CLANG_WARN_BOOL_CONVERSION = YES;
				CLANG_WARN_CONSTANT_CONVERSION = YES;
				CLANG_WARN_DIRECT_OBJC_ISA_USAGE = YES_ERROR;
				CLANG_WARN_EMPTY_BODY = YES;
				CLANG_WARN_ENUM_CONVERSION = YES;
				CLANG_WARN_INT_CONVERSION = YES;
				CLANG_WARN_OBJC_ROOT_CLASS = YES_ERROR;
				CLANG_WARN_UNREACHABLE_CODE = YES;
				CLANG_WARN__DUPLICATE_METHOD_MATCH = YES;
				"CODE_SIGN_IDENTITY[sdk=iphoneos*]" = "iPhone Developer";
				COPY_PHASE_STRIP = YES;
				ENABLE_NS_ASSERTIONS = NO;
				ENABLE_STRICT_OBJC_MSGSEND = YES;
				GCC_C_LANGUAGE_STANDARD = gnu99;
				GCC_WARN_64_TO_32_BIT_CONVERSION = YES;
				GCC_WARN_ABOUT_RETURN_TYPE = YES_ERROR;
				GCC_WARN_UNDECLARED_SELECTOR = YES;
				GCC_WARN_UNINITIALIZED_AUTOS = YES_AGGRESSIVE;
				GCC_WARN_UNUSED_FUNCTION = YES;
				GCC_WARN_UNUSED_VARIABLE = YES;
				IPHONEOS_DEPLOYMENT_TARGET = 8.1;
				MTL_ENABLE_DEBUG_INFO = NO;
				SDKROOT = iphoneos;
				TARGETED_DEVICE_FAMILY = "1,2";
				VALIDATE_PRODUCT = YES;
			};
			name = Release;
		};
		C5D551101A4BD90A000B2558 /* Debug */ = {
			isa = XCBuildConfiguration;
			buildSettings = {
				ASSETCATALOG_COMPILER_APPICON_NAME = AppIcon;
				INFOPLIST_FILE = DropAndDrag/Info.plist;
				LD_RUNPATH_SEARCH_PATHS = "$(inherited) @executable_path/Frameworks";
				PRODUCT_NAME = "$(TARGET_NAME)";
			};
			name = Debug;
		};
		C5D551111A4BD90A000B2558 /* Release */ = {
			isa = XCBuildConfiguration;
			buildSettings = {
				ASSETCATALOG_COMPILER_APPICON_NAME = AppIcon;
				INFOPLIST_FILE = DropAndDrag/Info.plist;
				LD_RUNPATH_SEARCH_PATHS = "$(inherited) @executable_path/Frameworks";
				PRODUCT_NAME = "$(TARGET_NAME)";
			};
			name = Release;
		};
		C5D551131A4BD90A000B2558 /* Debug */ = {
			isa = XCBuildConfiguration;
			buildSettings = {
				BUNDLE_LOADER = "$(TEST_HOST)";
				FRAMEWORK_SEARCH_PATHS = (
					"$(SDKROOT)/Developer/Library/Frameworks",
					"$(inherited)",
				);
				GCC_PREPROCESSOR_DEFINITIONS = (
					"DEBUG=1",
					"$(inherited)",
				);
				INFOPLIST_FILE = DropAndDragTests/Info.plist;
				LD_RUNPATH_SEARCH_PATHS = "$(inherited) @executable_path/Frameworks @loader_path/Frameworks";
				PRODUCT_NAME = "$(TARGET_NAME)";
				TEST_HOST = "$(BUILT_PRODUCTS_DIR)/DropAndDrag.app/DropAndDrag";
			};
			name = Debug;
		};
		C5D551141A4BD90A000B2558 /* Release */ = {
			isa = XCBuildConfiguration;
			buildSettings = {
				BUNDLE_LOADER = "$(TEST_HOST)";
				FRAMEWORK_SEARCH_PATHS = (
					"$(SDKROOT)/Developer/Library/Frameworks",
					"$(inherited)",
				);
				INFOPLIST_FILE = DropAndDragTests/Info.plist;
				LD_RUNPATH_SEARCH_PATHS = "$(inherited) @executable_path/Frameworks @loader_path/Frameworks";
				PRODUCT_NAME = "$(TARGET_NAME)";
				TEST_HOST = "$(BUILT_PRODUCTS_DIR)/DropAndDrag.app/DropAndDrag";
			};
			name = Release;
		};
/* End XCBuildConfiguration section */

/* Begin XCConfigurationList section */
		C5D550E71A4BD90A000B2558 /* Build configuration list for PBXProject "DropAndDrag" */ = {
			isa = XCConfigurationList;
			buildConfigurations = (
				C5D5510D1A4BD90A000B2558 /* Debug */,
				C5D5510E1A4BD90A000B2558 /* Release */,
			);
			defaultConfigurationIsVisible = 0;
			defaultConfigurationName = Release;
		};
		C5D5510F1A4BD90A000B2558 /* Build configuration list for PBXNativeTarget "DropAndDrag" */ = {
			isa = XCConfigurationList;
			buildConfigurations = (
				C5D551101A4BD90A000B2558 /* Debug */,
				C5D551111A4BD90A000B2558 /* Release */,
			);
			defaultConfigurationIsVisible = 0;
		};
		C5D551121A4BD90A000B2558 /* Build configuration list for PBXNativeTarget "DropAndDragTests" */ = {
			isa = XCConfigurationList;
			buildConfigurations = (
				C5D551131A4BD90A000B2558 /* Debug */,
				C5D551141A4BD90A000B2558 /* Release */,
			);
			defaultConfigurationIsVisible = 0;
		};
/* End XCConfigurationList section */
	};
	rootObject = C5D550E41A4BD90A000B2558 /* Project object */;
}
